<?xml version="1.0" encoding="utf-8"?>
<Project ToolsVersion="4.0" xmlns="http://schemas.microsoft.com/developer/msbuild/2003">
  <ItemGroup>
    <Filter Include="源文件">
      <UniqueIdentifier>{4FC737F1-C7A5-4376-A066-2A32D752A2FF}</UniqueIdentifier>
      <Extensions>cpp;c;cc;cxx;c++;cppm;ixx;def;odl;idl;hpj;bat;asm;asmx</Extensions>
    </Filter>
    <Filter Include="头文件">
      <UniqueIdentifier>{93995380-89BD-4b04-88EB-625FBE52EBFB}</UniqueIdentifier>
      <Extensions>h;hh;hpp;hxx;h++;hm;inl;inc;ipp;xsd</Extensions>
    </Filter>
    <Filter Include="资源文件">
      <UniqueIdentifier>{67DA6AB6-F800-4c08-8B7A-83BB121AAD01}</UniqueIdentifier>
      <Extensions>rc;ico;cur;bmp;dlg;rc2;rct;bin;rgs;gif;jpg;jpeg;jpe;resx;tiff;tif;png;wav;mfcribbon-ms</Extensions>
    </Filter>
    <Filter Include="resource">
      <UniqueIdentifier>{bb1dd9a3-4c45-4dc8-9b04-d8bf2be67082}</UniqueIdentifier>
    </Filter>
  </ItemGroup>
  <ItemGroup>
    <ClInclude Include="..\src\CommTCP.h">
      <Filter>头文件</Filter>
    </ClInclude>
    <ClInclude Include="..\src\Control.h">
      <Filter>头文件</Filter>
    </ClInclude>
    <ClInclude Include="..\src\CreateWorld.h">
      <Filter>头文件</Filter>
    </ClInclude>
    <ClInclude Include="..\src\CubeModel.h">
      <Filter>头文件</Filter>
    </ClInclude>
    <ClInclude Include="..\src\EliminateAnima.h">
      <Filter>头文件</Filter>
    </ClInclude>
    <ClInclude Include="..\src\EliminateModel.h">
      <Filter>头文件</Filter>
    </ClInclude>
    <ClInclude Include="..\src\GLWidget.h">
      <Filter>头文件</Filter>
    </ClInclude>
    <ClInclude Include="..\src\Interface.h">
      <Filter>头文件</Filter>
    </ClInclude>
    <ClInclude Include="..\src\LeafModel.h">
      <Filter>头文件</Filter>
    </ClInclude>
    <ClInclude Include="..\src\OperationDB.h">
      <Filter>头文件</Filter>
    </ClInclude>
    <ClInclude Include="..\src\Painter.h">
      <Filter>头文件</Filter>
    </ClInclude>
    <ClInclude Include="..\src\PersonModel.h">
      <Filter>头文件</Filter>
    </ClInclude>
    <ClInclude Include="..\src\PersonVertexData.h">
      <Filter>头文件</Filter>
    </ClInclude>
    <ClInclude Include="..\src\PlantModel.h">
      <Filter>头文件</Filter>
    </ClInclude>
    <ClInclude Include="..\src\Shader.h">
      <Filter>头文件</Filter>
    </ClInclude>
    <ClInclude Include="..\src\TakeCubeModel.h">
      <Filter>头文件</Filter>
    </ClInclude>
    <ClInclude Include="..\src\WorldModel.h">
      <Filter>头文件</Filter>
    </ClInclude>
    <ClInclude Include="..\src\stb_image.h">
      <Filter>头文件</Filter>
    </ClInclude>
    <ClInclude Include="..\..\glad\include\glad\glad.h">
      <Filter>头文件</Filter>
    </ClInclude>
  </ItemGroup>
  <ItemGroup>
    <ClCompile Include="..\src\CommTCP.cpp">
      <Filter>源文件</Filter>
    </ClCompile>
    <ClCompile Include="..\src\Control.cpp">
      <Filter>源文件</Filter>
    </ClCompile>
    <ClCompile Include="..\src\CreateWorld.cpp">
      <Filter>源文件</Filter>
    </ClCompile>
    <ClCompile Include="..\src\CubeModel.cpp">
      <Filter>源文件</Filter>
    </ClCompile>
    <ClCompile Include="..\src\EliminateAnima.cpp">
      <Filter>源文件</Filter>
    </ClCompile>
    <ClCompile Include="..\src\EliminateModel.cpp">
      <Filter>源文件</Filter>
    </ClCompile>
    <ClCompile Include="..\src\GLWidget.cpp">
      <Filter>源文件</Filter>
    </ClCompile>
    <ClCompile Include="..\src\Interface.cpp">
      <Filter>源文件</Filter>
    </ClCompile>
    <ClCompile Include="..\src\LeafModel.cpp">
      <Filter>源文件</Filter>
    </ClCompile>
    <ClCompile Include="..\src\main.cpp">
      <Filter>源文件</Filter>
    </ClCompile>
    <ClCompile Include="..\src\OperationDB.cpp">
      <Filter>源文件</Filter>
    </ClCompile>
    <ClCompile Include="..\src\Painter.cpp">
      <Filter>源文件</Filter>
    </ClCompile>
    <ClCompile Include="..\src\PersonModel.cpp">
      <Filter>源文件</Filter>
    </ClCompile>
    <ClCompile Include="..\src\PlantModel.cpp">
      <Filter>源文件</Filter>
    </ClCompile>
    <ClCompile Include="..\src\TakeCubeModel.cpp">
      <Filter>源文件</Filter>
    </ClCompile>
    <ClCompile Include="..\src\WorldModel.cpp">
      <Filter>源文件</Filter>
    </ClCompile>
    <ClCompile Include="..\..\glad\src\glad.c">
      <Filter>源文件</Filter>
    </ClCompile>
  </ItemGroup>
  <ItemGroup>
    <None Include="..\resource\Shader\cube\cube.fs">
      <Filter>resource</Filter>
    </None>
    <None Include="..\resource\Shader\cube\cube.vs">
      <Filter>resource</Filter>
    </None>
    <None Include="..\resource\Shader\eliminate\eliminate.fs">
      <Filter>resource</Filter>
    </None>
    <None Include="..\resource\Shader\eliminate\eliminate.vs">
      <Filter>resource</Filter>
    </None>
    <None Include="..\resource\Shader\leaf\leaf.fs">
      <Filter>resource</Filter>
    </None>
    <None Include="..\resource\Shader\leaf\leaf.vs">
      <Filter>resource</Filter>
    </None>
    <None Include="..\resource\Shader\person\person.fs">
      <Filter>resource</Filter>
    </None>
    <None Include="..\resource\Shader\person\person.vs">
      <Filter>resource</Filter>
    </None>
    <None Include="..\resource\Shader\plant\plant.fs">
      <Filter>resource</Filter>
    </None>
    <None Include="..\resource\Shader\plant\plant.vs">
      <Filter>resource</Filter>
    </None>
    <None Include="..\resource\Shader\sky\sky.fs">
      <Filter>resource</Filter>
    </None>
    <None Include="..\resource\Shader\sky\sky.vs">
      <Filter>resource</Filter>
    </None>
    <None Include="..\resource\Shader\take\take.fs">
      <Filter>resource</Filter>
    </None>
    <None Include="..\resource\Shader\take\take.vs">
      <Filter>resource</Filter>
    </None>
    <None Include="..\resource\Shader\text\text.fs">
      <Filter>resource</Filter>
    </None>
    <None Include="..\resource\Shader\text\text.vs">
      <Filter>resource</Filter>
    </None>
    <None Include="..\resource\Shader\ui\ui.fs">
      <Filter>resource</Filter>
    </None>
    <None Include="..\resource\Shader\ui\ui.vs">
      <Filter>resource</Filter>
    </None>
  </ItemGroup>
</Project>